
Microsoft Visual Studio Solution File, Format Version 12.00
# Visual Studio Version 17
VisualStudioVersion = 17.3.32825.248
MinimumVisualStudioVersion = 10.0.40219.1
Project("{FAE04EC0-301F-11D3-BF4B-00C04F79EFBC}") = "Fruit Mart", "Fruit Mart\Fruit Mart.csproj", "{397D967C-DD88-4BF6-9FBB-AADE8F533A3A}"
EndProject
Global
	GlobalSection(SolutionConfigurationPlatforms) = preSolution
		Debug|Any CPU = Debug|Any CPU
		Release|Any CPU = Release|Any CPU
	EndGlobalSection
	GlobalSection(ProjectConfigurationPlatforms) = postSolution
		{397D967C-DD88-4BF6-9FBB-AADE8F533A3A}.Debug|Any CPU.ActiveCfg = Debug|Any CPU
		{397D967C-DD88-4BF6-9FBB-AADE8F533A3A}.Debug|Any CPU.Build.0 = Debug|Any CPU
		{397D967C-DD88-4BF6-9FBB-AADE8F533A3A}.Release|Any CPU.ActiveCfg = Release|Any CPU
		{397D967C-DD88-4BF6-9FBB-AADE8F533A3A}.Release|Any CPU.Build.0 = Release|Any CPU
	EndGlobalSection
	GlobalSection(SolutionProperties) = preSolution
		HideSolutionNode = FALSE
	EndGlobalSection
	GlobalSection(ExtensibilityGlobals) = postSolution
		SolutionGuid = {0AD0B408-4E3B-49BE-9051-57CF365F35B4}
	EndGlobalSection
EndGlobal
